// !$*UTF8*$!
{
	archiveVersion = 1;
	classes = {
	};
	objectVersion = 56;
	objects = {

/* Begin PBXBuildFile section */
		A8FD27B0978C6F4E0DA82DDA /* Pods_LifeSharing.framework in Frameworks */ = {isa = PBXBuildFile; fileRef = A38FA3190C56007BA732D218 /* Pods_LifeSharing.framework */; };
		AB133FBB29C089BA009DB821 /* LS-TabViewController.swift in Sources */ = {isa = PBXBuildFile; fileRef = AB133FBA29C089BA009DB821 /* LS-TabViewController.swift */; };
		AB133FBD29C08BAE009DB821 /* LS-FrontPageViewController.swift in Sources */ = {isa = PBXBuildFile; fileRef = AB133FBC29C08BAE009DB821 /* LS-FrontPageViewController.swift */; };
		AB133FC129C08C10009DB821 /* LS-PostPageViewController.swift in Sources */ = {isa = PBXBuildFile; fileRef = AB133FC029C08C10009DB821 /* LS-PostPageViewController.swift */; };
		AB133FC329C08C25009DB821 /* LS-MemoPageViewController.swift in Sources */ = {isa = PBXBuildFile; fileRef = AB133FC229C08C25009DB821 /* LS-MemoPageViewController.swift */; };
		AB133FC529C08C31009DB821 /* LS-AboutPageViewController.swift in Sources */ = {isa = PBXBuildFile; fileRef = AB133FC429C08C31009DB821 /* LS-AboutPageViewController.swift */; };
		AB133FC729C08CD3009DB821 /* LS-MessagePageViewController.swift in Sources */ = {isa = PBXBuildFile; fileRef = AB133FC629C08CD3009DB821 /* LS-MessagePageViewController.swift */; };
		AB7193A829BF2F700085C19D /* AppDelegate.swift in Sources */ = {isa = PBXBuildFile; fileRef = AB7193A729BF2F700085C19D /* AppDelegate.swift */; };
		AB7193AA29BF2F700085C19D /* SceneDelegate.swift in Sources */ = {isa = PBXBuildFile; fileRef = AB7193A929BF2F700085C19D /* SceneDelegate.swift */; };
		AB7193AC29BF2F700085C19D /* ViewController.swift in Sources */ = {isa = PBXBuildFile; fileRef = AB7193AB29BF2F700085C19D /* ViewController.swift */; };
		AB7193AF29BF2F700085C19D /* Main.storyboard in Resources */ = {isa = PBXBuildFile; fileRef = AB7193AD29BF2F700085C19D /* Main.storyboard */; };
		AB7193B229BF2F700085C19D /* LifeSharing.xcdatamodeld in Sources */ = {isa = PBXBuildFile; fileRef = AB7193B029BF2F700085C19D /* LifeSharing.xcdatamodeld */; };
		AB7193B429BF2F720085C19D /* Assets.xcassets in Resources */ = {isa = PBXBuildFile; fileRef = AB7193B329BF2F720085C19D /* Assets.xcassets */; };
		AB7193B729BF2F720085C19D /* LaunchScreen.storyboard in Resources */ = {isa = PBXBuildFile; fileRef = AB7193B529BF2F720085C19D /* LaunchScreen.storyboard */; };
/* End PBXBuildFile section */

/* Begin PBXFileReference section */
		4533D2A1330598450566DF09 /* Pods-LifeSharing.release.xcconfig */ = {isa = PBXFileReference; includeInIndex = 1; lastKnownFileType = text.xcconfig; name = "Pods-LifeSharing.release.xcconfig"; path = "Target Support Files/Pods-LifeSharing/Pods-LifeSharing.release.xcconfig"; sourceTree = "<group>"; };
		A38FA3190C56007BA732D218 /* Pods_LifeSharing.framework */ = {isa = PBXFileReference; explicitFileType = wrapper.framework; includeInIndex = 0; path = Pods_LifeSharing.framework; sourceTree = BUILT_PRODUCTS_DIR; };
		AB133FBA29C089BA009DB821 /* LS-TabViewController.swift */ = {isa = PBXFileReference; lastKnownFileType = sourcecode.swift; path = "LS-TabViewController.swift"; sourceTree = "<group>"; };
		AB133FBC29C08BAE009DB821 /* LS-FrontPageViewController.swift */ = {isa = PBXFileReference; lastKnownFileType = sourcecode.swift; path = "LS-FrontPageViewController.swift"; sourceTree = "<group>"; };
		AB133FC029C08C10009DB821 /* LS-PostPageViewController.swift */ = {isa = PBXFileReference; lastKnownFileType = sourcecode.swift; path = "LS-PostPageViewController.swift"; sourceTree = "<group>"; };
		AB133FC229C08C25009DB821 /* LS-MemoPageViewController.swift */ = {isa = PBXFileReference; lastKnownFileType = sourcecode.swift; path = "LS-MemoPageViewController.swift"; sourceTree = "<group>"; };
		AB133FC429C08C31009DB821 /* LS-AboutPageViewController.swift */ = {isa = PBXFileReference; lastKnownFileType = sourcecode.swift; path = "LS-AboutPageViewController.swift"; sourceTree = "<group>"; };
		AB133FC629C08CD3009DB821 /* LS-MessagePageViewController.swift */ = {isa = PBXFileReference; lastKnownFileType = sourcecode.swift; path = "LS-MessagePageViewController.swift"; sourceTree = "<group>"; };
		AB7193A429BF2F700085C19D /* LifeSharing.app */ = {isa = PBXFileReference; explicitFileType = wrapper.application; includeInIndex = 0; path = LifeSharing.app; sourceTree = BUILT_PRODUCTS_DIR; };
		AB7193A729BF2F700085C19D /* AppDelegate.swift */ = {isa = PBXFileReference; lastKnownFileType = sourcecode.swift; path = AppDelegate.swift; sourceTree = "<group>"; };
		AB7193A929BF2F700085C19D /* SceneDelegate.swift */ = {isa = PBXFileReference; lastKnownFileType = sourcecode.swift; path = SceneDelegate.swift; sourceTree = "<group>"; };
		AB7193AB29BF2F700085C19D /* ViewController.swift */ = {isa = PBXFileReference; lastKnownFileType = sourcecode.swift; path = ViewController.swift; sourceTree = "<group>"; };
		AB7193AE29BF2F700085C19D /* Base */ = {isa = PBXFileReference; lastKnownFileType = file.storyboard; name = Base; path = Base.lproj/Main.storyboard; sourceTree = "<group>"; };
		AB7193B129BF2F700085C19D /* LifeSharing.xcdatamodel */ = {isa = PBXFileReference; lastKnownFileType = wrapper.xcdatamodel; path = LifeSharing.xcdatamodel; sourceTree = "<group>"; };
		AB7193B329BF2F720085C19D /* Assets.xcassets */ = {isa = PBXFileReference; lastKnownFileType = folder.assetcatalog; path = Assets.xcassets; sourceTree = "<group>"; };
		AB7193B629BF2F720085C19D /* Base */ = {isa = PBXFileReference; lastKnownFileType = file.storyboard; name = Base; path = Base.lproj/LaunchScreen.storyboard; sourceTree = "<group>"; };
		AB7193B829BF2F720085C19D /* Info.plist */ = {isa = PBXFileReference; lastKnownFileType = text.plist.xml; path = Info.plist; sourceTree = "<group>"; };
		F757EA7FC863BD6E5D93D999 /* Pods-LifeSharing.debug.xcconfig */ = {isa = PBXFileReference; includeInIndex = 1; lastKnownFileType = text.xcconfig; name = "Pods-LifeSharing.debug.xcconfig"; path = "Target Support Files/Pods-LifeSharing/Pods-LifeSharing.debug.xcconfig"; sourceTree = "<group>"; };
/* End PBXFileReference section */

/* Begin PBXFrameworksBuildPhase section */
		AB7193A129BF2F700085C19D /* Frameworks */ = {
			isa = PBXFrameworksBuildPhase;
			buildActionMask = 2147483647;
			files = (
				A8FD27B0978C6F4E0DA82DDA /* Pods_LifeSharing.framework in Frameworks */,
			);
			runOnlyForDeploymentPostprocessing = 0;
		};
/* End PBXFrameworksBuildPhase section */

/* Begin PBXGroup section */
		25E4FECF9412A8623CDCEE7A /* Frameworks */ = {
			isa = PBXGroup;
			children = (
				A38FA3190C56007BA732D218 /* Pods_LifeSharing.framework */,
			);
			name = Frameworks;
			sourceTree = "<group>";
		};
		AB71939B29BF2F700085C19D = {
			isa = PBXGroup;
			children = (
				AB7193A629BF2F700085C19D /* LifeSharing */,
				AB7193A529BF2F700085C19D /* Products */,
				DF51BD268D12C061C3350C97 /* Pods */,
				25E4FECF9412A8623CDCEE7A /* Frameworks */,
			);
			sourceTree = "<group>";
		};
		AB7193A529BF2F700085C19D /* Products */ = {
			isa = PBXGroup;
			children = (
				AB7193A429BF2F700085C19D /* LifeSharing.app */,
			);
			name = Products;
			sourceTree = "<group>";
		};
		AB7193A629BF2F700085C19D /* LifeSharing */ = {
			isa = PBXGroup;
			children = (
				AB7193A729BF2F700085C19D /* AppDelegate.swift */,
				AB7193A929BF2F700085C19D /* SceneDelegate.swift */,
				AB7193AB29BF2F700085C19D /* ViewController.swift */,
				AB7193AD29BF2F700085C19D /* Main.storyboard */,
				AB133FBA29C089BA009DB821 /* LS-TabViewController.swift */,
				AB133FBC29C08BAE009DB821 /* LS-FrontPageViewController.swift */,
				AB133FC229C08C25009DB821 /* LS-MemoPageViewController.swift */,
				AB133FC029C08C10009DB821 /* LS-PostPageViewController.swift */,
				AB133FC629C08CD3009DB821 /* LS-MessagePageViewController.swift */,
				AB133FC429C08C31009DB821 /* LS-AboutPageViewController.swift */,
				AB7193B329BF2F720085C19D /* Assets.xcassets */,
				AB7193B529BF2F720085C19D /* LaunchScreen.storyboard */,
				AB7193B829BF2F720085C19D /* Info.plist */,
				AB7193B029BF2F700085C19D /* LifeSharing.xcdatamodeld */,
			);
			path = LifeSharing;
			sourceTree = "<group>";
		};
		DF51BD268D12C061C3350C97 /* Pods */ = {
			isa = PBXGroup;
			children = (
				F757EA7FC863BD6E5D93D999 /* Pods-LifeSharing.debug.xcconfig */,
				4533D2A1330598450566DF09 /* Pods-LifeSharing.release.xcconfig */,
			);
			name = Pods;
			path = Pods;
			sourceTree = "<group>";
		};
/* End PBXGroup section */

/* Begin PBXNativeTarget section */
		AB7193A329BF2F700085C19D /* LifeSharing */ = {
			isa = PBXNativeTarget;
			buildConfigurationList = AB7193BB29BF2F720085C19D /* Build configuration list for PBXNativeTarget "LifeSharing" */;
			buildPhases = (
				7DF26603F6001A0CCEE170DF /* [CP] Check Pods Manifest.lock */,
				AB7193A029BF2F700085C19D /* Sources */,
				AB7193A129BF2F700085C19D /* Frameworks */,
				AB7193A229BF2F700085C19D /* Resources */,
				B482333A4B939AF66263A219 /* [CP] Embed Pods Frameworks */,
			);
			buildRules = (
			);
			dependencies = (
			);
			name = LifeSharing;
			productName = LifeSharing;
			productReference = AB7193A429BF2F700085C19D /* LifeSharing.app */;
			productType = "com.apple.product-type.application";
		};
/* End PBXNativeTarget section */

/* Begin PBXProject section */
		AB71939C29BF2F700085C19D /* Project object */ = {
			isa = PBXProject;
			attributes = {
				BuildIndependentTargetsInParallel = 1;
				LastSwiftUpdateCheck = 1420;
				LastUpgradeCheck = 1420;
				TargetAttributes = {
					AB7193A329BF2F700085C19D = {
						CreatedOnToolsVersion = 14.2;
					};
				};
			};
			buildConfigurationList = AB71939F29BF2F700085C19D /* Build configuration list for PBXProject "LifeSharing" */;
			compatibilityVersion = "Xcode 14.0";
			developmentRegion = en;
			hasScannedForEncodings = 0;
			knownRegions = (
				en,
				Base,
			);
			mainGroup = AB71939B29BF2F700085C19D;
			productRefGroup = AB7193A529BF2F700085C19D /* Products */;
			projectDirPath = "";
			projectRoot = "";
			targets = (
				AB7193A329BF2F700085C19D /* LifeSharing */,
			);
		};
/* End PBXProject section */

/* Begin PBXResourcesBuildPhase section */
		AB7193A229BF2F700085C19D /* Resources */ = {
			isa = PBXResourcesBuildPhase;
			buildActionMask = 2147483647;
			files = (
				AB7193B729BF2F720085C19D /* LaunchScreen.storyboard in Resources */,
				AB7193B429BF2F720085C19D /* Assets.xcassets in Resources */,
				AB7193AF29BF2F700085C19D /* Main.storyboard in Resources */,
			);
			runOnlyForDeploymentPostprocessing = 0;
		};
/* End PBXResourcesBuildPhase section */

/* Begin PBXShellScriptBuildPhase section */
		7DF26603F6001A0CCEE170DF /* [CP] Check Pods Manifest.lock */ = {
			isa = PBXShellScriptBuildPhase;
			buildActionMask = 2147483647;
			files = (
			);
			inputFileListPaths = (
			);
			inputPaths = (
				"${PODS_PODFILE_DIR_PATH}/Podfile.lock",
				"${PODS_ROOT}/Manifest.lock",
			);
			name = "[CP] Check Pods Manifest.lock";
			outputFileListPaths = (
			);
			outputPaths = (
				"$(DERIVED_FILE_DIR)/Pods-LifeSharing-checkManifestLockResult.txt",
			);
			runOnlyForDeploymentPostprocessing = 0;
			shellPath = /bin/sh;
			shellScript = "diff \"${PODS_PODFILE_DIR_PATH}/Podfile.lock\" \"${PODS_ROOT}/Manifest.lock\" > /dev/null\nif [ $? != 0 ] ; then\n    # print error to STDERR\n    echo \"error: The sandbox is not in sync with the Podfile.lock. Run 'pod install' or update your CocoaPods installation.\" >&2\n    exit 1\nfi\n# This output is used by Xcode 'outputs' to avoid re-running this script phase.\necho \"SUCCESS\" > \"${SCRIPT_OUTPUT_FILE_0}\"\n";
			showEnvVarsInLog = 0;
		};
		B482333A4B939AF66263A219 /* [CP] Embed Pods Frameworks */ = {
			isa = PBXShellScriptBuildPhase;
			buildActionMask = 2147483647;
			files = (
			);
			inputFileListPaths = (
				"${PODS_ROOT}/Target Support Files/Pods-LifeSharing/Pods-LifeSharing-frameworks-${CONFIGURATION}-input-files.xcfilelist",
			);
			name = "[CP] Embed Pods Frameworks";
			outputFileListPaths = (
				"${PODS_ROOT}/Target Support Files/Pods-LifeSharing/Pods-LifeSharing-frameworks-${CONFIGURATION}-output-files.xcfilelist",
			);
			runOnlyForDeploymentPostprocessing = 0;
			shellPath = /bin/sh;
			shellScript = "\"${PODS_ROOT}/Target Support Files/Pods-LifeSharing/Pods-LifeSharing-frameworks.sh\"\n";
			showEnvVarsInLog = 0;
		};
/* End PBXShellScriptBuildPhase section */

/* Begin PBXSourcesBuildPhase section */
		AB7193A029BF2F700085C19D /* Sources */ = {
			isa = PBXSourcesBuildPhase;
			buildActionMask = 2147483647;
			files = (
				AB133FC729C08CD3009DB821 /* LS-MessagePageViewController.swift in Sources */,
				AB133FC129C08C10009DB821 /* LS-PostPageViewController.swift in Sources */,
				AB133FBD29C08BAE009DB821 /* LS-FrontPageViewController.swift in Sources */,
				AB133FC529C08C31009DB821 /* LS-AboutPageViewController.swift in Sources */,
				AB133FC329C08C25009DB821 /* LS-MemoPageViewController.swift in Sources */,
				AB7193B229BF2F700085C19D /* LifeSharing.xcdatamodeld in Sources */,
				AB7193AC29BF2F700085C19D /* ViewController.swift in Sources */,
				AB7193A829BF2F700085C19D /* AppDelegate.swift in Sources */,
				AB7193AA29BF2F700085C19D /* SceneDelegate.swift in Sources */,
				AB133FBB29C089BA009DB821 /* LS-TabViewController.swift in Sources */,
			);
			runOnlyForDeploymentPostprocessing = 0;
		};
/* End PBXSourcesBuildPhase section */

/* Begin PBXVariantGroup section */
		AB7193AD29BF2F700085C19D /* Main.storyboard */ = {
			isa = PBXVariantGroup;
			children = (
				AB7193AE29BF2F700085C19D /* Base */,
			);
			name = Main.storyboard;
			sourceTree = "<group>";
		};
		AB7193B529BF2F720085C19D /* LaunchScreen.storyboard */ = {
			isa = PBXVariantGroup;
			children = (
				AB7193B629BF2F720085C19D /* Base */,
			);
			name = LaunchScreen.storyboard;
			sourceTree = "<group>";
		};
/* End PBXVariantGroup section */

/* Begin XCBuildConfiguration section */
		AB7193B929BF2F720085C19D /* Debug */ = {
			isa = XCBuildConfiguration;
			buildSettings = {
				ALWAYS_SEARCH_USER_PATHS = NO;
				CLANG_ANALYZER_NONNULL = YES;
				CLANG_ANALYZER_NUMBER_OBJECT_CONVERSION = YES_AGGRESSIVE;
				CLANG_CXX_LANGUAGE_STANDARD = "gnu++20";
				CLANG_ENABLE_MODULES = YES;
				CLANG_ENABLE_OBJC_ARC = YES;
				CLANG_ENABLE_OBJC_WEAK = YES;
				CLANG_WARN_BLOCK_CAPTURE_AUTORELEASING = YES;
				CLANG_WARN_BOOL_CONVERSION = YES;
				CLANG_WARN_COMMA = YES;
				CLANG_WARN_CONSTANT_CONVERSION = YES;
				CLANG_WARN_DEPRECATED_OBJC_IMPLEMENTATIONS = YES;
				CLANG_WARN_DIRECT_OBJC_ISA_USAGE = YES_ERROR;
				CLANG_WARN_DOCUMENTATION_COMMENTS = YES;
				CLANG_WARN_EMPTY_BODY = YES;
				CLANG_WARN_ENUM_CONVERSION = YES;
				CLANG_WARN_INFINITE_RECURSION = YES;
				CLANG_WARN_INT_CONVERSION = YES;
				CLANG_WARN_NON_LITERAL_NULL_CONVERSION = YES;
				CLANG_WARN_OBJC_IMPLICIT_RETAIN_SELF = YES;
				CLANG_WARN_OBJC_LITERAL_CONVERSION = YES;
				CLANG_WARN_OBJC_ROOT_CLASS = YES_ERROR;
				CLANG_WARN_QUOTED_INCLUDE_IN_FRAMEWORK_HEADER = YES;
				CLANG_WARN_RANGE_LOOP_ANALYSIS = YES;
				CLANG_WARN_STRICT_PROTOTYPES = YES;
				CLANG_WARN_SUSPICIOUS_MOVE = YES;
				CLANG_WARN_UNGUARDED_AVAILABILITY = YES_AGGRESSIVE;
				CLANG_WARN_UNREACHABLE_CODE = YES;
				CLANG_WARN__DUPLICATE_METHOD_MATCH = YES;
				COPY_PHASE_STRIP = NO;
				DEBUG_INFORMATION_FORMAT = dwarf;
				ENABLE_STRICT_OBJC_MSGSEND = YES;
				ENABLE_TESTABILITY = YES;
				GCC_C_LANGUAGE_STANDARD = gnu11;
				GCC_DYNAMIC_NO_PIC = NO;
				GCC_NO_COMMON_BLOCKS = YES;
				GCC_OPTIMIZATION_LEVEL = 0;
				GCC_PREPROCESSOR_DEFINITIONS = (
					"DEBUG=1",
					"$(inherited)",
				);
				GCC_WARN_64_TO_32_BIT_CONVERSION = YES;
				GCC_WARN_ABOUT_RETURN_TYPE = YES_ERROR;
				GCC_WARN_UNDECLARED_SELECTOR = YES;
				GCC_WARN_UNINITIALIZED_AUTOS = YES_AGGRESSIVE;
				GCC_WARN_UNUSED_FUNCTION = YES;
				GCC_WARN_UNUSED_VARIABLE = YES;
				IPHONEOS_DEPLOYMENT_TARGET = 16.2;
				MTL_ENABLE_DEBUG_INFO = INCLUDE_SOURCE;
				MTL_FAST_MATH = YES;
				ONLY_ACTIVE_ARCH = YES;
				SDKROOT = iphoneos;
				SWIFT_ACTIVE_COMPILATION_CONDITIONS = DEBUG;
				SWIFT_OPTIMIZATION_LEVEL = "-Onone";
			};
			name = Debug;
		};
		AB7193BA29BF2F720085C19D /* Release */ = {
			isa = XCBuildConfiguration;
			buildSettings = {
				ALWAYS_SEARCH_USER_PATHS = NO;
				CLANG_ANALYZER_NONNULL = YES;
				CLANG_ANALYZER_NUMBER_OBJECT_CONVERSION = YES_AGGRESSIVE;
				CLANG_CXX_LANGUAGE_STANDARD = "gnu++20";
				CLANG_ENABLE_MODULES = YES;
				CLANG_ENABLE_OBJC_ARC = YES;
				CLANG_ENABLE_OBJC_WEAK = YES;
				CLANG_WARN_BLOCK_CAPTURE_AUTORELEASING = YES;
				CLANG_WARN_BOOL_CONVERSION = YES;
				CLANG_WARN_COMMA = YES;
				CLANG_WARN_CONSTANT_CONVERSION = YES;
				CLANG_WARN_DEPRECATED_OBJC_IMPLEMENTATIONS = YES;
				CLANG_WARN_DIRECT_OBJC_ISA_USAGE = YES_ERROR;
				CLANG_WARN_DOCUMENTATION_COMMENTS = YES;
				CLANG_WARN_EMPTY_BODY = YES;
				CLANG_WARN_ENUM_CONVERSION = YES;
				CLANG_WARN_INFINITE_RECURSION = YES;
				CLANG_WARN_INT_CONVERSION = YES;
				CLANG_WARN_NON_LITERAL_NULL_CONVERSION = YES;
				CLANG_WARN_OBJC_IMPLICIT_RETAIN_SELF = YES;
				CLANG_WARN_OBJC_LITERAL_CONVERSION = YES;
				CLANG_WARN_OBJC_ROOT_CLASS = YES_ERROR;
				CLANG_WARN_QUOTED_INCLUDE_IN_FRAMEWORK_HEADER = YES;
				CLANG_WARN_RANGE_LOOP_ANALYSIS = YES;
				CLANG_WARN_STRICT_PROTOTYPES = YES;
				CLANG_WARN_SUSPICIOUS_MOVE = YES;
				CLANG_WARN_UNGUARDED_AVAILABILITY = YES_AGGRESSIVE;
				CLANG_WARN_UNREACHABLE_CODE = YES;
				CLANG_WARN__DUPLICATE_METHOD_MATCH = YES;
				COPY_PHASE_STRIP = NO;
				DEBUG_INFORMATION_FORMAT = "dwarf-with-dsym";
				ENABLE_NS_ASSERTIONS = NO;
				ENABLE_STRICT_OBJC_MSGSEND = YES;
				GCC_C_LANGUAGE_STANDARD = gnu11;
				GCC_NO_COMMON_BLOCKS = YES;
				GCC_WARN_64_TO_32_BIT_CONVERSION = YES;
				GCC_WARN_ABOUT_RETURN_TYPE = YES_ERROR;
				GCC_WARN_UNDECLARED_SELECTOR = YES;
				GCC_WARN_UNINITIALIZED_AUTOS = YES_AGGRESSIVE;
				GCC_WARN_UNUSED_FUNCTION = YES;
				GCC_WARN_UNUSED_VARIABLE = YES;
				IPHONEOS_DEPLOYMENT_TARGET = 16.2;
				MTL_ENABLE_DEBUG_INFO = NO;
				MTL_FAST_MATH = YES;
				SDKROOT = iphoneos;
				SWIFT_COMPILATION_MODE = wholemodule;
				SWIFT_OPTIMIZATION_LEVEL = "-O";
				VALIDATE_PRODUCT = YES;
			};
			name = Release;
		};
		AB7193BC29BF2F720085C19D /* Debug */ = {
			isa = XCBuildConfiguration;
			baseConfigurationReference = F757EA7FC863BD6E5D93D999 /* Pods-LifeSharing.debug.xcconfig */;
			buildSettings = {
				ASSETCATALOG_COMPILER_APPICON_NAME = AppIcon;
				ASSETCATALOG_COMPILER_GLOBAL_ACCENT_COLOR_NAME = AccentColor;
				CODE_SIGN_STYLE = Automatic;
				CURRENT_PROJECT_VERSION = 1;
				DEVELOPMENT_TEAM = NZUGB72476;
				GENERATE_INFOPLIST_FILE = YES;
				INFOPLIST_FILE = LifeSharing/Info.plist;
				INFOPLIST_KEY_CFBundleDisplayName = iShare;
				INFOPLIST_KEY_UIApplicationSupportsIndirectInputEvents = YES;
				INFOPLIST_KEY_UILaunchStoryboardName = LaunchScreen;
				INFOPLIST_KEY_UIMainStoryboardFile = Main;
				INFOPLIST_KEY_UISupportedInterfaceOrientations = UIInterfaceOrientationPortrait;
				IPHONEOS_DEPLOYMENT_TARGET = 14.0;
				LD_RUNPATH_SEARCH_PATHS = (
					"$(inherited)",
					"@executable_path/Frameworks",
				);
				MARKETING_VERSION = 1.0;
				PRODUCT_BUNDLE_IDENTIFIER = com.coffeechen.app.LifeSharing;
				PRODUCT_NAME = "$(TARGET_NAME)";
				SWIFT_EMIT_LOC_STRINGS = YES;
				SWIFT_VERSION = 5.0;
				TARGETED_DEVICE_FAMILY = "1,2";
			};
			name = Debug;
		};
		AB7193BD29BF2F720085C19D /* Release */ = {
			isa = XCBuildConfiguration;
			baseConfigurationReference = 4533D2A1330598450566DF09 /* Pods-LifeSharing.release.xcconfig */;
			buildSettings = {
				ASSETCATALOG_COMPILER_APPICON_NAME = AppIcon;
				ASSETCATALOG_COMPILER_GLOBAL_ACCENT_COLOR_NAME = AccentColor;
				CODE_SIGN_STYLE = Automatic;
				CURRENT_PROJECT_VERSION = 1;
				DEVELOPMENT_TEAM = NZUGB72476;
				GENERATE_INFOPLIST_FILE = YES;
				INFOPLIST_FILE = LifeSharing/Info.plist;
				INFOPLIST_KEY_CFBundleDisplayName = iShare;
				INFOPLIST_KEY_UIApplicationSupportsIndirectInputEvents = YES;
				INFOPLIST_KEY_UILaunchStoryboardName = LaunchScreen;
				INFOPLIST_KEY_UIMainStoryboardFile = Main;
				INFOPLIST_KEY_UISupportedInterfaceOrientations = UIInterfaceOrientationPortrait;
				IPHONEOS_DEPLOYMENT_TARGET = 14.0;
				LD_RUNPATH_SEARCH_PATHS = (
					"$(inherited)",
					"@executable_path/Frameworks",
				);
				MARKETING_VERSION = 1.0;
				PRODUCT_BUNDLE_IDENTIFIER = com.coffeechen.app.LifeSharing;
				PRODUCT_NAME = "$(TARGET_NAME)";
				SWIFT_EMIT_LOC_STRINGS = YES;
				SWIFT_VERSION = 5.0;
				TARGETED_DEVICE_FAMILY = "1,2";
			};
			name = Release;
		};
/* End XCBuildConfiguration section */

/* Begin XCConfigurationList section */
		AB71939F29BF2F700085C19D /* Build configuration list for PBXProject "LifeSharing" */ = {
			isa = XCConfigurationList;
			buildConfigurations = (
				AB7193B929BF2F720085C19D /* Debug */,
				AB7193BA29BF2F720085C19D /* Release */,
			);
			defaultConfigurationIsVisible = 0;
			defaultConfigurationName = Release;
		};
		AB7193BB29BF2F720085C19D /* Build configuration list for PBXNativeTarget "LifeSharing" */ = {
			isa = XCConfigurationList;
			buildConfigurations = (
				AB7193BC29BF2F720085C19D /* Debug */,
				AB7193BD29BF2F720085C19D /* Release */,
			);
			defaultConfigurationIsVisible = 0;
			defaultConfigurationName = Release;
		};
/* End XCConfigurationList section */

/* Begin XCVersionGroup section */
		AB7193B029BF2F700085C19D /* LifeSharing.xcdatamodeld */ = {
			isa = XCVersionGroup;
			children = (
				AB7193B129BF2F700085C19D /* LifeSharing.xcdatamodel */,
			);
			currentVersion = AB7193B129BF2F700085C19D /* LifeSharing.xcdatamodel */;
			path = LifeSharing.xcdatamodeld;
			sourceTree = "<group>";
			versionGroupType = wrapper.xcdatamodel;
		};
/* End XCVersionGroup section */
	};
	rootObject = AB71939C29BF2F700085C19D /* Project object */;
}
